
Microsoft Visual Studio Solution File, Format Version 11.00
# Visual Studio 2010
Project("{FAE04EC0-301F-11D3-BF4B-00C04F79EFBC}") = "SimpleDevelop.Core", "SimpleDevelop.Core\SimpleDevelop.Core.csproj", "{CF193E1E-EB62-46F5-B3A5-0BD82B688E69}"
EndProject
Project("{FAE04EC0-301F-11D3-BF4B-00C04F79EFBC}") = "SimpleDevelop", "SimpleDevelop\SimpleDevelop.csproj", "{6EFA2122-8D69-4214-B3F3-C31928B60B4A}"
EndProject
Project("{FAE04EC0-301F-11D3-BF4B-00C04F79EFBC}") = "SimpleDevelop.Basic", "SimpleDevelop.Basic\SimpleDevelop.Basic.csproj", "{7314CE41-A1EC-4B3D-A5EE-65A3EEB2CB23}"
EndProject
Project("{FAE04EC0-301F-11D3-BF4B-00C04F79EFBC}") = "SimpleDevelop.Gtk", "SimpleDevelop.Gtk\SimpleDevelop.Gtk.csproj", "{5AEBDCBB-6201-4A2B-B3FF-4C13958673DA}"
EndProject
Global
	GlobalSection(SolutionConfigurationPlatforms) = preSolution
		AppStore|Any CPU = AppStore|Any CPU
		AppStore|Mixed Platforms = AppStore|Mixed Platforms
		AppStore|x86 = AppStore|x86
		CD_ROM|Any CPU = CD_ROM|Any CPU
		CD_ROM|Mixed Platforms = CD_ROM|Mixed Platforms
		CD_ROM|x86 = CD_ROM|x86
		Debug|Any CPU = Debug|Any CPU
		Debug|Mixed Platforms = Debug|Mixed Platforms
		Debug|x86 = Debug|x86
		DVD-5|Any CPU = DVD-5|Any CPU
		DVD-5|Mixed Platforms = DVD-5|Mixed Platforms
		DVD-5|x86 = DVD-5|x86
		Release|Any CPU = Release|Any CPU
		Release|Mixed Platforms = Release|Mixed Platforms
		Release|x86 = Release|x86
		SingleImage|Any CPU = SingleImage|Any CPU
		SingleImage|Mixed Platforms = SingleImage|Mixed Platforms
		SingleImage|x86 = SingleImage|x86
	EndGlobalSection
	GlobalSection(ProjectConfigurationPlatforms) = postSolution
		{5AEBDCBB-6201-4A2B-B3FF-4C13958673DA}.AppStore|Any CPU.ActiveCfg = Debug|Any CPU
		{5AEBDCBB-6201-4A2B-B3FF-4C13958673DA}.AppStore|Any CPU.Build.0 = Debug|Any CPU
		{5AEBDCBB-6201-4A2B-B3FF-4C13958673DA}.AppStore|Mixed Platforms.ActiveCfg = Debug|Any CPU
		{5AEBDCBB-6201-4A2B-B3FF-4C13958673DA}.AppStore|Mixed Platforms.Build.0 = Debug|Any CPU
		{5AEBDCBB-6201-4A2B-B3FF-4C13958673DA}.AppStore|x86.ActiveCfg = Debug|Any CPU
		{5AEBDCBB-6201-4A2B-B3FF-4C13958673DA}.AppStore|x86.Build.0 = Debug|Any CPU
		{5AEBDCBB-6201-4A2B-B3FF-4C13958673DA}.CD_ROM|Any CPU.ActiveCfg = Debug|Any CPU
		{5AEBDCBB-6201-4A2B-B3FF-4C13958673DA}.CD_ROM|Any CPU.Build.0 = Debug|Any CPU
		{5AEBDCBB-6201-4A2B-B3FF-4C13958673DA}.CD_ROM|Mixed Platforms.ActiveCfg = Debug|Any CPU
		{5AEBDCBB-6201-4A2B-B3FF-4C13958673DA}.CD_ROM|Mixed Platforms.Build.0 = Debug|Any CPU
		{5AEBDCBB-6201-4A2B-B3FF-4C13958673DA}.CD_ROM|x86.ActiveCfg = Debug|Any CPU
		{5AEBDCBB-6201-4A2B-B3FF-4C13958673DA}.CD_ROM|x86.Build.0 = Debug|Any CPU
		{5AEBDCBB-6201-4A2B-B3FF-4C13958673DA}.Debug|Any CPU.ActiveCfg = Debug|Any CPU
		{5AEBDCBB-6201-4A2B-B3FF-4C13958673DA}.Debug|Any CPU.Build.0 = Debug|Any CPU
		{5AEBDCBB-6201-4A2B-B3FF-4C13958673DA}.Debug|Mixed Platforms.ActiveCfg = Debug|Any CPU
		{5AEBDCBB-6201-4A2B-B3FF-4C13958673DA}.Debug|Mixed Platforms.Build.0 = Debug|Any CPU
		{5AEBDCBB-6201-4A2B-B3FF-4C13958673DA}.Debug|x86.ActiveCfg = Debug|Any CPU
		{5AEBDCBB-6201-4A2B-B3FF-4C13958673DA}.Debug|x86.Build.0 = Debug|Any CPU
		{5AEBDCBB-6201-4A2B-B3FF-4C13958673DA}.DVD-5|Any CPU.ActiveCfg = Debug|Any CPU
		{5AEBDCBB-6201-4A2B-B3FF-4C13958673DA}.DVD-5|Any CPU.Build.0 = Debug|Any CPU
		{5AEBDCBB-6201-4A2B-B3FF-4C13958673DA}.DVD-5|Mixed Platforms.ActiveCfg = Debug|Any CPU
		{5AEBDCBB-6201-4A2B-B3FF-4C13958673DA}.DVD-5|Mixed Platforms.Build.0 = Debug|Any CPU
		{5AEBDCBB-6201-4A2B-B3FF-4C13958673DA}.DVD-5|x86.ActiveCfg = Debug|Any CPU
		{5AEBDCBB-6201-4A2B-B3FF-4C13958673DA}.DVD-5|x86.Build.0 = Debug|Any CPU
		{5AEBDCBB-6201-4A2B-B3FF-4C13958673DA}.Release|Any CPU.ActiveCfg = Release|Any CPU
		{5AEBDCBB-6201-4A2B-B3FF-4C13958673DA}.Release|Any CPU.Build.0 = Release|Any CPU
		{5AEBDCBB-6201-4A2B-B3FF-4C13958673DA}.Release|Mixed Platforms.ActiveCfg = Release|Any CPU
		{5AEBDCBB-6201-4A2B-B3FF-4C13958673DA}.Release|Mixed Platforms.Build.0 = Release|Any CPU
		{5AEBDCBB-6201-4A2B-B3FF-4C13958673DA}.Release|x86.ActiveCfg = Release|Any CPU
		{5AEBDCBB-6201-4A2B-B3FF-4C13958673DA}.Release|x86.Build.0 = Release|Any CPU
		{5AEBDCBB-6201-4A2B-B3FF-4C13958673DA}.SingleImage|Any CPU.ActiveCfg = Debug|Any CPU
		{5AEBDCBB-6201-4A2B-B3FF-4C13958673DA}.SingleImage|Any CPU.Build.0 = Debug|Any CPU
		{5AEBDCBB-6201-4A2B-B3FF-4C13958673DA}.SingleImage|Mixed Platforms.ActiveCfg = Debug|Any CPU
		{5AEBDCBB-6201-4A2B-B3FF-4C13958673DA}.SingleImage|Mixed Platforms.Build.0 = Debug|Any CPU
		{5AEBDCBB-6201-4A2B-B3FF-4C13958673DA}.SingleImage|x86.ActiveCfg = Debug|Any CPU
		{5AEBDCBB-6201-4A2B-B3FF-4C13958673DA}.SingleImage|x86.Build.0 = Debug|Any CPU
		{6EFA2122-8D69-4214-B3F3-C31928B60B4A}.AppStore|Any CPU.ActiveCfg = Release|Any CPU
		{6EFA2122-8D69-4214-B3F3-C31928B60B4A}.AppStore|Any CPU.Build.0 = Release|Any CPU
		{6EFA2122-8D69-4214-B3F3-C31928B60B4A}.AppStore|Mixed Platforms.ActiveCfg = Release|Any CPU
		{6EFA2122-8D69-4214-B3F3-C31928B60B4A}.AppStore|x86.ActiveCfg = Release|Any CPU
		{6EFA2122-8D69-4214-B3F3-C31928B60B4A}.CD_ROM|Any CPU.ActiveCfg = Debug|Any CPU
		{6EFA2122-8D69-4214-B3F3-C31928B60B4A}.CD_ROM|Any CPU.Build.0 = Debug|Any CPU
		{6EFA2122-8D69-4214-B3F3-C31928B60B4A}.CD_ROM|Mixed Platforms.ActiveCfg = Debug|Any CPU
		{6EFA2122-8D69-4214-B3F3-C31928B60B4A}.CD_ROM|Mixed Platforms.Build.0 = Debug|Any CPU
		{6EFA2122-8D69-4214-B3F3-C31928B60B4A}.CD_ROM|x86.ActiveCfg = Debug|Any CPU
		{6EFA2122-8D69-4214-B3F3-C31928B60B4A}.CD_ROM|x86.Build.0 = Debug|Any CPU
		{6EFA2122-8D69-4214-B3F3-C31928B60B4A}.Debug|Any CPU.ActiveCfg = Debug|Any CPU
		{6EFA2122-8D69-4214-B3F3-C31928B60B4A}.Debug|Any CPU.Build.0 = Debug|Any CPU
		{6EFA2122-8D69-4214-B3F3-C31928B60B4A}.Debug|Mixed Platforms.ActiveCfg = Debug|Any CPU
		{6EFA2122-8D69-4214-B3F3-C31928B60B4A}.Debug|Mixed Platforms.Build.0 = Debug|Any CPU
		{6EFA2122-8D69-4214-B3F3-C31928B60B4A}.Debug|x86.ActiveCfg = Debug|Any CPU
		{6EFA2122-8D69-4214-B3F3-C31928B60B4A}.Debug|x86.Build.0 = Debug|Any CPU
		{6EFA2122-8D69-4214-B3F3-C31928B60B4A}.DVD-5|Any CPU.ActiveCfg = Debug|Any CPU
		{6EFA2122-8D69-4214-B3F3-C31928B60B4A}.DVD-5|Any CPU.Build.0 = Debug|Any CPU
		{6EFA2122-8D69-4214-B3F3-C31928B60B4A}.DVD-5|Mixed Platforms.ActiveCfg = Debug|Any CPU
		{6EFA2122-8D69-4214-B3F3-C31928B60B4A}.DVD-5|Mixed Platforms.Build.0 = Debug|Any CPU
		{6EFA2122-8D69-4214-B3F3-C31928B60B4A}.DVD-5|x86.ActiveCfg = Debug|Any CPU
		{6EFA2122-8D69-4214-B3F3-C31928B60B4A}.DVD-5|x86.Build.0 = Debug|Any CPU
		{6EFA2122-8D69-4214-B3F3-C31928B60B4A}.Release|Any CPU.ActiveCfg = Release|Any CPU
		{6EFA2122-8D69-4214-B3F3-C31928B60B4A}.Release|Any CPU.Build.0 = Release|Any CPU
		{6EFA2122-8D69-4214-B3F3-C31928B60B4A}.Release|Mixed Platforms.ActiveCfg = Release|Any CPU
		{6EFA2122-8D69-4214-B3F3-C31928B60B4A}.Release|Mixed Platforms.Build.0 = Release|Any CPU
		{6EFA2122-8D69-4214-B3F3-C31928B60B4A}.Release|x86.ActiveCfg = Release|Any CPU
		{6EFA2122-8D69-4214-B3F3-C31928B60B4A}.Release|x86.Build.0 = Release|Any CPU
		{6EFA2122-8D69-4214-B3F3-C31928B60B4A}.SingleImage|Any CPU.ActiveCfg = Debug|Any CPU
		{6EFA2122-8D69-4214-B3F3-C31928B60B4A}.SingleImage|Any CPU.Build.0 = Debug|Any CPU
		{6EFA2122-8D69-4214-B3F3-C31928B60B4A}.SingleImage|Mixed Platforms.ActiveCfg = Debug|Any CPU
		{6EFA2122-8D69-4214-B3F3-C31928B60B4A}.SingleImage|Mixed Platforms.Build.0 = Debug|Any CPU
		{6EFA2122-8D69-4214-B3F3-C31928B60B4A}.SingleImage|x86.ActiveCfg = Debug|Any CPU
		{6EFA2122-8D69-4214-B3F3-C31928B60B4A}.SingleImage|x86.Build.0 = Debug|Any CPU
		{7314CE41-A1EC-4B3D-A5EE-65A3EEB2CB23}.AppStore|Any CPU.ActiveCfg = Debug|Any CPU
		{7314CE41-A1EC-4B3D-A5EE-65A3EEB2CB23}.AppStore|Any CPU.Build.0 = Debug|Any CPU
		{7314CE41-A1EC-4B3D-A5EE-65A3EEB2CB23}.AppStore|Mixed Platforms.ActiveCfg = Release|Any CPU
		{7314CE41-A1EC-4B3D-A5EE-65A3EEB2CB23}.AppStore|x86.ActiveCfg = Release|Any CPU
		{7314CE41-A1EC-4B3D-A5EE-65A3EEB2CB23}.CD_ROM|Any CPU.ActiveCfg = Debug|Any CPU
		{7314CE41-A1EC-4B3D-A5EE-65A3EEB2CB23}.CD_ROM|Any CPU.Build.0 = Debug|Any CPU
		{7314CE41-A1EC-4B3D-A5EE-65A3EEB2CB23}.CD_ROM|Mixed Platforms.ActiveCfg = Debug|Any CPU
		{7314CE41-A1EC-4B3D-A5EE-65A3EEB2CB23}.CD_ROM|Mixed Platforms.Build.0 = Debug|Any CPU
		{7314CE41-A1EC-4B3D-A5EE-65A3EEB2CB23}.CD_ROM|x86.ActiveCfg = Debug|Any CPU
		{7314CE41-A1EC-4B3D-A5EE-65A3EEB2CB23}.CD_ROM|x86.Build.0 = Debug|Any CPU
		{7314CE41-A1EC-4B3D-A5EE-65A3EEB2CB23}.Debug|Any CPU.ActiveCfg = Debug|Any CPU
		{7314CE41-A1EC-4B3D-A5EE-65A3EEB2CB23}.Debug|Any CPU.Build.0 = Debug|Any CPU
		{7314CE41-A1EC-4B3D-A5EE-65A3EEB2CB23}.Debug|Mixed Platforms.ActiveCfg = Debug|Any CPU
		{7314CE41-A1EC-4B3D-A5EE-65A3EEB2CB23}.Debug|Mixed Platforms.Build.0 = Debug|Any CPU
		{7314CE41-A1EC-4B3D-A5EE-65A3EEB2CB23}.Debug|x86.ActiveCfg = Debug|Any CPU
		{7314CE41-A1EC-4B3D-A5EE-65A3EEB2CB23}.Debug|x86.Build.0 = Debug|Any CPU
		{7314CE41-A1EC-4B3D-A5EE-65A3EEB2CB23}.DVD-5|Any CPU.ActiveCfg = Debug|Any CPU
		{7314CE41-A1EC-4B3D-A5EE-65A3EEB2CB23}.DVD-5|Any CPU.Build.0 = Debug|Any CPU
		{7314CE41-A1EC-4B3D-A5EE-65A3EEB2CB23}.DVD-5|Mixed Platforms.ActiveCfg = Debug|Any CPU
		{7314CE41-A1EC-4B3D-A5EE-65A3EEB2CB23}.DVD-5|Mixed Platforms.Build.0 = Debug|Any CPU
		{7314CE41-A1EC-4B3D-A5EE-65A3EEB2CB23}.DVD-5|x86.ActiveCfg = Debug|Any CPU
		{7314CE41-A1EC-4B3D-A5EE-65A3EEB2CB23}.DVD-5|x86.Build.0 = Debug|Any CPU
		{7314CE41-A1EC-4B3D-A5EE-65A3EEB2CB23}.Release|Any CPU.ActiveCfg = Release|Any CPU
		{7314CE41-A1EC-4B3D-A5EE-65A3EEB2CB23}.Release|Any CPU.Build.0 = Release|Any CPU
		{7314CE41-A1EC-4B3D-A5EE-65A3EEB2CB23}.Release|Mixed Platforms.ActiveCfg = Release|Any CPU
		{7314CE41-A1EC-4B3D-A5EE-65A3EEB2CB23}.Release|Mixed Platforms.Build.0 = Release|Any CPU
		{7314CE41-A1EC-4B3D-A5EE-65A3EEB2CB23}.Release|x86.ActiveCfg = Release|Any CPU
		{7314CE41-A1EC-4B3D-A5EE-65A3EEB2CB23}.Release|x86.Build.0 = Release|Any CPU
		{7314CE41-A1EC-4B3D-A5EE-65A3EEB2CB23}.SingleImage|Any CPU.ActiveCfg = Debug|Any CPU
		{7314CE41-A1EC-4B3D-A5EE-65A3EEB2CB23}.SingleImage|Any CPU.Build.0 = Debug|Any CPU
		{7314CE41-A1EC-4B3D-A5EE-65A3EEB2CB23}.SingleImage|Mixed Platforms.ActiveCfg = Debug|Any CPU
		{7314CE41-A1EC-4B3D-A5EE-65A3EEB2CB23}.SingleImage|Mixed Platforms.Build.0 = Debug|Any CPU
		{7314CE41-A1EC-4B3D-A5EE-65A3EEB2CB23}.SingleImage|x86.ActiveCfg = Debug|Any CPU
		{7314CE41-A1EC-4B3D-A5EE-65A3EEB2CB23}.SingleImage|x86.Build.0 = Debug|Any CPU
		{CF193E1E-EB62-46F5-B3A5-0BD82B688E69}.AppStore|Any CPU.ActiveCfg = Release|x86
		{CF193E1E-EB62-46F5-B3A5-0BD82B688E69}.AppStore|Mixed Platforms.ActiveCfg = Release|x86
		{CF193E1E-EB62-46F5-B3A5-0BD82B688E69}.AppStore|x86.ActiveCfg = Release|x86
		{CF193E1E-EB62-46F5-B3A5-0BD82B688E69}.CD_ROM|Any CPU.ActiveCfg = Release|Any CPU
		{CF193E1E-EB62-46F5-B3A5-0BD82B688E69}.CD_ROM|Any CPU.Build.0 = Release|Any CPU
		{CF193E1E-EB62-46F5-B3A5-0BD82B688E69}.CD_ROM|Mixed Platforms.ActiveCfg = Release|Any CPU
		{CF193E1E-EB62-46F5-B3A5-0BD82B688E69}.CD_ROM|Mixed Platforms.Build.0 = Release|Any CPU
		{CF193E1E-EB62-46F5-B3A5-0BD82B688E69}.CD_ROM|x86.ActiveCfg = Release|Any CPU
		{CF193E1E-EB62-46F5-B3A5-0BD82B688E69}.Debug|Any CPU.ActiveCfg = Debug|Any CPU
		{CF193E1E-EB62-46F5-B3A5-0BD82B688E69}.Debug|Any CPU.Build.0 = Debug|Any CPU
		{CF193E1E-EB62-46F5-B3A5-0BD82B688E69}.Debug|Mixed Platforms.ActiveCfg = Debug|Any CPU
		{CF193E1E-EB62-46F5-B3A5-0BD82B688E69}.Debug|Mixed Platforms.Build.0 = Debug|Any CPU
		{CF193E1E-EB62-46F5-B3A5-0BD82B688E69}.Debug|x86.ActiveCfg = Debug|Any CPU
		{CF193E1E-EB62-46F5-B3A5-0BD82B688E69}.DVD-5|Any CPU.ActiveCfg = Debug|Any CPU
		{CF193E1E-EB62-46F5-B3A5-0BD82B688E69}.DVD-5|Any CPU.Build.0 = Debug|Any CPU
		{CF193E1E-EB62-46F5-B3A5-0BD82B688E69}.DVD-5|Mixed Platforms.ActiveCfg = Debug|Any CPU
		{CF193E1E-EB62-46F5-B3A5-0BD82B688E69}.DVD-5|Mixed Platforms.Build.0 = Debug|Any CPU
		{CF193E1E-EB62-46F5-B3A5-0BD82B688E69}.DVD-5|x86.ActiveCfg = Debug|Any CPU
		{CF193E1E-EB62-46F5-B3A5-0BD82B688E69}.Release|Any CPU.ActiveCfg = Release|Any CPU
		{CF193E1E-EB62-46F5-B3A5-0BD82B688E69}.Release|Any CPU.Build.0 = Release|Any CPU
		{CF193E1E-EB62-46F5-B3A5-0BD82B688E69}.Release|Mixed Platforms.ActiveCfg = Release|Any CPU
		{CF193E1E-EB62-46F5-B3A5-0BD82B688E69}.Release|Mixed Platforms.Build.0 = Release|Any CPU
		{CF193E1E-EB62-46F5-B3A5-0BD82B688E69}.Release|x86.ActiveCfg = Release|x86
		{CF193E1E-EB62-46F5-B3A5-0BD82B688E69}.Release|x86.Build.0 = Release|x86
		{CF193E1E-EB62-46F5-B3A5-0BD82B688E69}.SingleImage|Any CPU.ActiveCfg = Release|Any CPU
		{CF193E1E-EB62-46F5-B3A5-0BD82B688E69}.SingleImage|Any CPU.Build.0 = Release|Any CPU
		{CF193E1E-EB62-46F5-B3A5-0BD82B688E69}.SingleImage|Mixed Platforms.ActiveCfg = Release|Any CPU
		{CF193E1E-EB62-46F5-B3A5-0BD82B688E69}.SingleImage|Mixed Platforms.Build.0 = Release|Any CPU
		{CF193E1E-EB62-46F5-B3A5-0BD82B688E69}.SingleImage|x86.ActiveCfg = Release|Any CPU
	EndGlobalSection
	GlobalSection(MonoDevelopProperties) = preSolution
		StartupItem = SimpleDevelop.Gtk\SimpleDevelop.Gtk.csproj
		Policies = $0
		$0.TextStylePolicy = $1
		$1.FileWidth = 120
		$1.inheritsSet = VisualStudio
		$1.inheritsScope = text/plain
		$1.scope = text/plain
	EndGlobalSection
	GlobalSection(SolutionProperties) = preSolution
		HideSolutionNode = FALSE
	EndGlobalSection
EndGlobal
