
Microsoft Visual Studio Solution File, Format Version 11.00
# Visual Studio 2010
Project("{FAE04EC0-301F-11D3-BF4B-00C04F79EFBC}") = "SimpleDevelop.Core", "SimpleDevelop.Core\SimpleDevelop.Core.csproj", "{CF193E1E-EB62-46F5-B3A5-0BD82B688E69}"
EndProject
Project("{FAE04EC0-301F-11D3-BF4B-00C04F79EFBC}") = "SimpleDevelop.Mac", "SimpleDevelop.Mac\SimpleDevelop.Mac.csproj", "{C85238E0-A6A5-4E3B-AE32-E44C3ACBF453}"
EndProject
Global
	GlobalSection(SolutionConfigurationPlatforms) = preSolution
		CD_ROM|Any CPU = CD_ROM|Any CPU
		CD_ROM|Mixed Platforms = CD_ROM|Mixed Platforms
		CD_ROM|x86 = CD_ROM|x86
		Debug|Any CPU = Debug|Any CPU
		Debug|Mixed Platforms = Debug|Mixed Platforms
		Debug|x86 = Debug|x86
		DVD-5|Any CPU = DVD-5|Any CPU
		DVD-5|Mixed Platforms = DVD-5|Mixed Platforms
		DVD-5|x86 = DVD-5|x86
		Release|Any CPU = Release|Any CPU
		Release|Mixed Platforms = Release|Mixed Platforms
		Release|x86 = Release|x86
		SingleImage|Any CPU = SingleImage|Any CPU
		SingleImage|Mixed Platforms = SingleImage|Mixed Platforms
		SingleImage|x86 = SingleImage|x86
		AppStore|Any CPU = AppStore|Any CPU
	EndGlobalSection
	GlobalSection(ProjectConfigurationPlatforms) = postSolution
		{C85238E0-A6A5-4E3B-AE32-E44C3ACBF453}.AppStore|Any CPU.ActiveCfg = AppStore|Any CPU
		{C85238E0-A6A5-4E3B-AE32-E44C3ACBF453}.AppStore|Any CPU.Build.0 = AppStore|Any CPU
		{C85238E0-A6A5-4E3B-AE32-E44C3ACBF453}.CD_ROM|Any CPU.ActiveCfg = Debug|Any CPU
		{C85238E0-A6A5-4E3B-AE32-E44C3ACBF453}.CD_ROM|Any CPU.Build.0 = Debug|Any CPU
		{C85238E0-A6A5-4E3B-AE32-E44C3ACBF453}.CD_ROM|Mixed Platforms.ActiveCfg = Debug|Any CPU
		{C85238E0-A6A5-4E3B-AE32-E44C3ACBF453}.CD_ROM|Mixed Platforms.Build.0 = Debug|Any CPU
		{C85238E0-A6A5-4E3B-AE32-E44C3ACBF453}.CD_ROM|x86.ActiveCfg = Debug|Any CPU
		{C85238E0-A6A5-4E3B-AE32-E44C3ACBF453}.CD_ROM|x86.Build.0 = Debug|Any CPU
		{C85238E0-A6A5-4E3B-AE32-E44C3ACBF453}.Debug|Any CPU.ActiveCfg = Debug|Any CPU
		{C85238E0-A6A5-4E3B-AE32-E44C3ACBF453}.Debug|Any CPU.Build.0 = Debug|Any CPU
		{C85238E0-A6A5-4E3B-AE32-E44C3ACBF453}.Debug|Mixed Platforms.ActiveCfg = Debug|Any CPU
		{C85238E0-A6A5-4E3B-AE32-E44C3ACBF453}.Debug|Mixed Platforms.Build.0 = Debug|Any CPU
		{C85238E0-A6A5-4E3B-AE32-E44C3ACBF453}.Debug|x86.ActiveCfg = Debug|Any CPU
		{C85238E0-A6A5-4E3B-AE32-E44C3ACBF453}.Debug|x86.Build.0 = Debug|Any CPU
		{C85238E0-A6A5-4E3B-AE32-E44C3ACBF453}.DVD-5|Any CPU.ActiveCfg = Debug|Any CPU
		{C85238E0-A6A5-4E3B-AE32-E44C3ACBF453}.DVD-5|Any CPU.Build.0 = Debug|Any CPU
		{C85238E0-A6A5-4E3B-AE32-E44C3ACBF453}.DVD-5|Mixed Platforms.ActiveCfg = Debug|Any CPU
		{C85238E0-A6A5-4E3B-AE32-E44C3ACBF453}.DVD-5|Mixed Platforms.Build.0 = Debug|Any CPU
		{C85238E0-A6A5-4E3B-AE32-E44C3ACBF453}.DVD-5|x86.ActiveCfg = Debug|Any CPU
		{C85238E0-A6A5-4E3B-AE32-E44C3ACBF453}.DVD-5|x86.Build.0 = Debug|Any CPU
		{C85238E0-A6A5-4E3B-AE32-E44C3ACBF453}.Release|Any CPU.ActiveCfg = Release|Any CPU
		{C85238E0-A6A5-4E3B-AE32-E44C3ACBF453}.Release|Any CPU.Build.0 = Release|Any CPU
		{C85238E0-A6A5-4E3B-AE32-E44C3ACBF453}.Release|Mixed Platforms.ActiveCfg = Release|Any CPU
		{C85238E0-A6A5-4E3B-AE32-E44C3ACBF453}.Release|Mixed Platforms.Build.0 = Release|Any CPU
		{C85238E0-A6A5-4E3B-AE32-E44C3ACBF453}.Release|x86.ActiveCfg = Release|Any CPU
		{C85238E0-A6A5-4E3B-AE32-E44C3ACBF453}.Release|x86.Build.0 = Release|Any CPU
		{C85238E0-A6A5-4E3B-AE32-E44C3ACBF453}.SingleImage|Any CPU.ActiveCfg = Debug|Any CPU
		{C85238E0-A6A5-4E3B-AE32-E44C3ACBF453}.SingleImage|Any CPU.Build.0 = Debug|Any CPU
		{C85238E0-A6A5-4E3B-AE32-E44C3ACBF453}.SingleImage|Mixed Platforms.ActiveCfg = Debug|Any CPU
		{C85238E0-A6A5-4E3B-AE32-E44C3ACBF453}.SingleImage|Mixed Platforms.Build.0 = Debug|Any CPU
		{C85238E0-A6A5-4E3B-AE32-E44C3ACBF453}.SingleImage|x86.ActiveCfg = Debug|Any CPU
		{C85238E0-A6A5-4E3B-AE32-E44C3ACBF453}.SingleImage|x86.Build.0 = Debug|Any CPU
		{CF193E1E-EB62-46F5-B3A5-0BD82B688E69}.CD_ROM|Any CPU.ActiveCfg = Release|Any CPU
		{CF193E1E-EB62-46F5-B3A5-0BD82B688E69}.CD_ROM|Any CPU.Build.0 = Release|Any CPU
		{CF193E1E-EB62-46F5-B3A5-0BD82B688E69}.CD_ROM|Mixed Platforms.ActiveCfg = Release|Any CPU
		{CF193E1E-EB62-46F5-B3A5-0BD82B688E69}.CD_ROM|Mixed Platforms.Build.0 = Release|Any CPU
		{CF193E1E-EB62-46F5-B3A5-0BD82B688E69}.CD_ROM|x86.ActiveCfg = Release|Any CPU
		{CF193E1E-EB62-46F5-B3A5-0BD82B688E69}.Debug|Any CPU.ActiveCfg = Debug|Any CPU
		{CF193E1E-EB62-46F5-B3A5-0BD82B688E69}.Debug|Any CPU.Build.0 = Debug|Any CPU
		{CF193E1E-EB62-46F5-B3A5-0BD82B688E69}.Debug|Mixed Platforms.ActiveCfg = Debug|Any CPU
		{CF193E1E-EB62-46F5-B3A5-0BD82B688E69}.Debug|Mixed Platforms.Build.0 = Debug|Any CPU
		{CF193E1E-EB62-46F5-B3A5-0BD82B688E69}.Debug|x86.ActiveCfg = Debug|Any CPU
		{CF193E1E-EB62-46F5-B3A5-0BD82B688E69}.DVD-5|Any CPU.ActiveCfg = Debug|Any CPU
		{CF193E1E-EB62-46F5-B3A5-0BD82B688E69}.DVD-5|Any CPU.Build.0 = Debug|Any CPU
		{CF193E1E-EB62-46F5-B3A5-0BD82B688E69}.DVD-5|Mixed Platforms.ActiveCfg = Debug|Any CPU
		{CF193E1E-EB62-46F5-B3A5-0BD82B688E69}.DVD-5|Mixed Platforms.Build.0 = Debug|Any CPU
		{CF193E1E-EB62-46F5-B3A5-0BD82B688E69}.DVD-5|x86.ActiveCfg = Debug|Any CPU
		{CF193E1E-EB62-46F5-B3A5-0BD82B688E69}.Release|Any CPU.ActiveCfg = Release|Any CPU
		{CF193E1E-EB62-46F5-B3A5-0BD82B688E69}.Release|Any CPU.Build.0 = Release|Any CPU
		{CF193E1E-EB62-46F5-B3A5-0BD82B688E69}.Release|Mixed Platforms.ActiveCfg = Release|Any CPU
		{CF193E1E-EB62-46F5-B3A5-0BD82B688E69}.Release|Mixed Platforms.Build.0 = Release|Any CPU
		{CF193E1E-EB62-46F5-B3A5-0BD82B688E69}.Release|x86.ActiveCfg = Release|x86
		{CF193E1E-EB62-46F5-B3A5-0BD82B688E69}.Release|x86.Build.0 = Release|x86
		{CF193E1E-EB62-46F5-B3A5-0BD82B688E69}.SingleImage|Any CPU.ActiveCfg = Release|Any CPU
		{CF193E1E-EB62-46F5-B3A5-0BD82B688E69}.SingleImage|Any CPU.Build.0 = Release|Any CPU
		{CF193E1E-EB62-46F5-B3A5-0BD82B688E69}.SingleImage|Mixed Platforms.ActiveCfg = Release|Any CPU
		{CF193E1E-EB62-46F5-B3A5-0BD82B688E69}.SingleImage|Mixed Platforms.Build.0 = Release|Any CPU
		{CF193E1E-EB62-46F5-B3A5-0BD82B688E69}.SingleImage|x86.ActiveCfg = Release|Any CPU
		{ABFEF43C-4FB6-43A3-8694-E4576DFD9017}.CD_ROM|Any CPU.ActiveCfg = CD_ROM
		{ABFEF43C-4FB6-43A3-8694-E4576DFD9017}.CD_ROM|Any CPU.Build.0 = CD_ROM
		{ABFEF43C-4FB6-43A3-8694-E4576DFD9017}.CD_ROM|Mixed Platforms.ActiveCfg = CD_ROM
		{ABFEF43C-4FB6-43A3-8694-E4576DFD9017}.CD_ROM|Mixed Platforms.Build.0 = CD_ROM
		{ABFEF43C-4FB6-43A3-8694-E4576DFD9017}.CD_ROM|x86.ActiveCfg = CD_ROM
		{ABFEF43C-4FB6-43A3-8694-E4576DFD9017}.CD_ROM|x86.Build.0 = CD_ROM
		{ABFEF43C-4FB6-43A3-8694-E4576DFD9017}.Debug|Any CPU.ActiveCfg = DVD-5
		{ABFEF43C-4FB6-43A3-8694-E4576DFD9017}.Debug|Any CPU.Build.0 = DVD-5
		{ABFEF43C-4FB6-43A3-8694-E4576DFD9017}.Debug|Mixed Platforms.ActiveCfg = DVD-5
		{ABFEF43C-4FB6-43A3-8694-E4576DFD9017}.Debug|Mixed Platforms.Build.0 = DVD-5
		{ABFEF43C-4FB6-43A3-8694-E4576DFD9017}.Debug|x86.ActiveCfg = DVD-5
		{ABFEF43C-4FB6-43A3-8694-E4576DFD9017}.Debug|x86.Build.0 = DVD-5
		{ABFEF43C-4FB6-43A3-8694-E4576DFD9017}.DVD-5|Any CPU.ActiveCfg = DVD-5
		{ABFEF43C-4FB6-43A3-8694-E4576DFD9017}.DVD-5|Any CPU.Build.0 = DVD-5
		{ABFEF43C-4FB6-43A3-8694-E4576DFD9017}.DVD-5|Mixed Platforms.ActiveCfg = DVD-5
		{ABFEF43C-4FB6-43A3-8694-E4576DFD9017}.DVD-5|Mixed Platforms.Build.0 = DVD-5
		{ABFEF43C-4FB6-43A3-8694-E4576DFD9017}.DVD-5|x86.ActiveCfg = DVD-5
		{ABFEF43C-4FB6-43A3-8694-E4576DFD9017}.DVD-5|x86.Build.0 = DVD-5
		{ABFEF43C-4FB6-43A3-8694-E4576DFD9017}.Release|Any CPU.ActiveCfg = SingleImage
		{ABFEF43C-4FB6-43A3-8694-E4576DFD9017}.Release|Any CPU.Build.0 = SingleImage
		{ABFEF43C-4FB6-43A3-8694-E4576DFD9017}.Release|Mixed Platforms.ActiveCfg = SingleImage
		{ABFEF43C-4FB6-43A3-8694-E4576DFD9017}.Release|Mixed Platforms.Build.0 = SingleImage
		{ABFEF43C-4FB6-43A3-8694-E4576DFD9017}.Release|x86.ActiveCfg = SingleImage
		{ABFEF43C-4FB6-43A3-8694-E4576DFD9017}.Release|x86.Build.0 = SingleImage
		{ABFEF43C-4FB6-43A3-8694-E4576DFD9017}.SingleImage|Any CPU.ActiveCfg = SingleImage
		{ABFEF43C-4FB6-43A3-8694-E4576DFD9017}.SingleImage|Any CPU.Build.0 = SingleImage
		{ABFEF43C-4FB6-43A3-8694-E4576DFD9017}.SingleImage|Mixed Platforms.ActiveCfg = SingleImage
		{ABFEF43C-4FB6-43A3-8694-E4576DFD9017}.SingleImage|Mixed Platforms.Build.0 = SingleImage
		{ABFEF43C-4FB6-43A3-8694-E4576DFD9017}.SingleImage|x86.ActiveCfg = SingleImage
		{ABFEF43C-4FB6-43A3-8694-E4576DFD9017}.SingleImage|x86.Build.0 = SingleImage
	EndGlobalSection
	GlobalSection(MonoDevelopProperties) = preSolution
		StartupItem = SimpleDevelop.Mac\SimpleDevelop.Mac.csproj
	EndGlobalSection
	GlobalSection(SolutionProperties) = preSolution
		HideSolutionNode = FALSE
	EndGlobalSection
EndGlobal
